
Microsoft Visual Studio Solution File, Format Version 12.00
# Visual Studio Version 16
VisualStudioVersion = 16.0.30804.86
MinimumVisualStudioVersion = 10.0.40219.1
Project("{FAE04EC0-301F-11D3-BF4B-00C04F79EFBC}") = "WSIMDensoku", "WSIMDensoku\WSIMDensoku.csproj", "{DAF39C82-975A-4366-B8E3-1ABCE9E340F0}"
EndProject
Global
	GlobalSection(SolutionConfigurationPlatforms) = preSolution
		Debug|Any CPU = Debug|Any CPU
		Release|Any CPU = Release|Any CPU
	EndGlobalSection
	GlobalSection(ProjectConfigurationPlatforms) = postSolution
		{DAF39C82-975A-4366-B8E3-1ABCE9E340F0}.Debug|Any CPU.ActiveCfg = Debug|Any CPU
		{DAF39C82-975A-4366-B8E3-1ABCE9E340F0}.Debug|Any CPU.Build.0 = Debug|Any CPU
		{DAF39C82-975A-4366-B8E3-1ABCE9E340F0}.Release|Any CPU.ActiveCfg = Release|Any CPU
		{DAF39C82-975A-4366-B8E3-1ABCE9E340F0}.Release|Any CPU.Build.0 = Release|Any CPU
	EndGlobalSection
	GlobalSection(SolutionProperties) = preSolution
		HideSolutionNode = FALSE
	EndGlobalSection
	GlobalSection(ExtensibilityGlobals) = postSolution
		SolutionGuid = {30548796-F26C-4279-9B19-97FAEBA6DB3E}
	EndGlobalSection
EndGlobal
